
Microsoft Visual Studio Solution File, Format Version 12.00
# Visual Studio Version 17
VisualStudioVersion = 17.8.34316.72
MinimumVisualStudioVersion = 10.0.40219.1
Project("{9A19103F-16F7-4668-BE54-9A1E7A4F7556}") = "Dictionary.WebApi", "Dictionary.WebApi\Dictionary.WebApi.csproj", "{79E03206-DCF1-46BD-891E-6F3AAB0F0709}"
EndProject
Project("{FAE04EC0-301F-11D3-BF4B-00C04F79EFBC}") = "Dictionary.UnitTests", "Dictionary.UnitTests\Dictionary.UnitTests.csproj", "{96DFD118-87F0-41B9-9BC2-72BC37BAC99C}"
	ProjectSection(ProjectDependencies) = postProject
		{79E03206-DCF1-46BD-891E-6F3AAB0F0709} = {79E03206-DCF1-46BD-891E-6F3AAB0F0709}
	EndProjectSection
EndProject
Global
	GlobalSection(SolutionConfigurationPlatforms) = preSolution
		Debug|Any CPU = Debug|Any CPU
		Release|Any CPU = Release|Any CPU
	EndGlobalSection
	GlobalSection(ProjectConfigurationPlatforms) = postSolution
		{79E03206-DCF1-46BD-891E-6F3AAB0F0709}.Debug|Any CPU.ActiveCfg = Debug|Any CPU
		{79E03206-DCF1-46BD-891E-6F3AAB0F0709}.Debug|Any CPU.Build.0 = Debug|Any CPU
		{79E03206-DCF1-46BD-891E-6F3AAB0F0709}.Release|Any CPU.ActiveCfg = Release|Any CPU
		{79E03206-DCF1-46BD-891E-6F3AAB0F0709}.Release|Any CPU.Build.0 = Release|Any CPU
		{96DFD118-87F0-41B9-9BC2-72BC37BAC99C}.Debug|Any CPU.ActiveCfg = Debug|Any CPU
		{96DFD118-87F0-41B9-9BC2-72BC37BAC99C}.Debug|Any CPU.Build.0 = Debug|Any CPU
		{96DFD118-87F0-41B9-9BC2-72BC37BAC99C}.Release|Any CPU.ActiveCfg = Release|Any CPU
		{96DFD118-87F0-41B9-9BC2-72BC37BAC99C}.Release|Any CPU.Build.0 = Release|Any CPU
	EndGlobalSection
	GlobalSection(SolutionProperties) = preSolution
		HideSolutionNode = FALSE
	EndGlobalSection
	GlobalSection(ExtensibilityGlobals) = postSolution
		SolutionGuid = {01CA82B6-957D-4056-8697-42991D067725}
	EndGlobalSection
EndGlobal
